
Microsoft Visual Studio Solution File, Format Version 12.00
# Visual Studio 15
VisualStudioVersion = 15.0.27703.2035
MinimumVisualStudioVersion = 10.0.40219.1
Project("{FAE04EC0-301F-11D3-BF4B-00C04F79EFBC}") = "AulaPW2", "AulaPW2\AulaPW2.csproj", "{D39BCB66-8A10-417D-A373-1359E3B5A68B}"
EndProject
Global
	GlobalSection(SolutionConfigurationPlatforms) = preSolution
		Debug|Any CPU = Debug|Any CPU
		Release|Any CPU = Release|Any CPU
	EndGlobalSection
	GlobalSection(ProjectConfigurationPlatforms) = postSolution
		{D39BCB66-8A10-417D-A373-1359E3B5A68B}.Debug|Any CPU.ActiveCfg = Debug|Any CPU
		{D39BCB66-8A10-417D-A373-1359E3B5A68B}.Debug|Any CPU.Build.0 = Debug|Any CPU
		{D39BCB66-8A10-417D-A373-1359E3B5A68B}.Release|Any CPU.ActiveCfg = Release|Any CPU
		{D39BCB66-8A10-417D-A373-1359E3B5A68B}.Release|Any CPU.Build.0 = Release|Any CPU
	EndGlobalSection
	GlobalSection(SolutionProperties) = preSolution
		HideSolutionNode = FALSE
	EndGlobalSection
	GlobalSection(ExtensibilityGlobals) = postSolution
		SolutionGuid = {2A7CD1AD-0528-4B6D-B0AF-00E619F8FE23}
	EndGlobalSection
EndGlobal
