
Microsoft Visual Studio Solution File, Format Version 12.00
# Visual Studio 15
VisualStudioVersion = 15.0.27703.2035
MinimumVisualStudioVersion = 10.0.40219.1
Project("{FAE04EC0-301F-11D3-BF4B-00C04F79EFBC}") = "AulaPW2", "AulaPW2\AulaPW2.csproj", "{0BF02C4E-F632-441A-97EE-D221709ADD7A}"
EndProject
Global
	GlobalSection(SolutionConfigurationPlatforms) = preSolution
		Debug|Any CPU = Debug|Any CPU
		Release|Any CPU = Release|Any CPU
	EndGlobalSection
	GlobalSection(ProjectConfigurationPlatforms) = postSolution
		{0BF02C4E-F632-441A-97EE-D221709ADD7A}.Debug|Any CPU.ActiveCfg = Debug|Any CPU
		{0BF02C4E-F632-441A-97EE-D221709ADD7A}.Debug|Any CPU.Build.0 = Debug|Any CPU
		{0BF02C4E-F632-441A-97EE-D221709ADD7A}.Release|Any CPU.ActiveCfg = Release|Any CPU
		{0BF02C4E-F632-441A-97EE-D221709ADD7A}.Release|Any CPU.Build.0 = Release|Any CPU
	EndGlobalSection
	GlobalSection(SolutionProperties) = preSolution
		HideSolutionNode = FALSE
	EndGlobalSection
	GlobalSection(ExtensibilityGlobals) = postSolution
		SolutionGuid = {B02BB0FA-CA87-4EB8-BF55-93BF3CFCD8C2}
	EndGlobalSection
EndGlobal
