
Microsoft Visual Studio Solution File, Format Version 12.00
# Visual Studio 15
VisualStudioVersion = 15.0.27703.2035
MinimumVisualStudioVersion = 10.0.40219.1
Project("{FAE04EC0-301F-11D3-BF4B-00C04F79EFBC}") = "Projeto", "Projeto\Projeto.csproj", "{62B77712-0F39-4D1B-8972-EFB580E87DAE}"
EndProject
Global
	GlobalSection(SolutionConfigurationPlatforms) = preSolution
		Debug|Any CPU = Debug|Any CPU
		Release|Any CPU = Release|Any CPU
	EndGlobalSection
	GlobalSection(ProjectConfigurationPlatforms) = postSolution
		{62B77712-0F39-4D1B-8972-EFB580E87DAE}.Debug|Any CPU.ActiveCfg = Debug|Any CPU
		{62B77712-0F39-4D1B-8972-EFB580E87DAE}.Debug|Any CPU.Build.0 = Debug|Any CPU
		{62B77712-0F39-4D1B-8972-EFB580E87DAE}.Release|Any CPU.ActiveCfg = Release|Any CPU
		{62B77712-0F39-4D1B-8972-EFB580E87DAE}.Release|Any CPU.Build.0 = Release|Any CPU
	EndGlobalSection
	GlobalSection(SolutionProperties) = preSolution
		HideSolutionNode = FALSE
	EndGlobalSection
	GlobalSection(ExtensibilityGlobals) = postSolution
		SolutionGuid = {D2DFF747-08CC-467A-87E6-8FD53BCA2EDA}
	EndGlobalSection
EndGlobal
